
Microsoft Visual Studio Solution File, Format Version 12.00
# Visual Studio Version 17
VisualStudioVersion = 17.2.32519.379
MinimumVisualStudioVersion = 10.0.40219.1
Project("{FAE04EC0-301F-11D3-BF4B-00C04F79EFBC}") = "laba1_var8", "laba1_var8\laba1_var8.csproj", "{CC49C6DB-713F-4876-AA2B-EA86689C5ECB}"
EndProject
Global
	GlobalSection(SolutionConfigurationPlatforms) = preSolution
		Debug|Any CPU = Debug|Any CPU
		Release|Any CPU = Release|Any CPU
	EndGlobalSection
	GlobalSection(ProjectConfigurationPlatforms) = postSolution
		{CC49C6DB-713F-4876-AA2B-EA86689C5ECB}.Debug|Any CPU.ActiveCfg = Debug|Any CPU
		{CC49C6DB-713F-4876-AA2B-EA86689C5ECB}.Debug|Any CPU.Build.0 = Debug|Any CPU
		{CC49C6DB-713F-4876-AA2B-EA86689C5ECB}.Release|Any CPU.ActiveCfg = Release|Any CPU
		{CC49C6DB-713F-4876-AA2B-EA86689C5ECB}.Release|Any CPU.Build.0 = Release|Any CPU
	EndGlobalSection
	GlobalSection(SolutionProperties) = preSolution
		HideSolutionNode = FALSE
	EndGlobalSection
	GlobalSection(ExtensibilityGlobals) = postSolution
		SolutionGuid = {10030447-B782-4E1E-8B00-89E61ADDF906}
	EndGlobalSection
EndGlobal
